// !$*UTF8*$!
{
	archiveVersion = 1;
	classes = {
	};
	objectVersion = 77;
	objects = {

/* Begin PBXBuildFile section */
		892CD9452F50DE5A00A84433 /* OpenMeKit in Frameworks */ = {isa = PBXBuildFile; productRef = CC0000022F50C6D4008DBCA3 /* OpenMeKit */; };
/* End PBXBuildFile section */

/* Begin PBXContainerItemProxy section */
		8923332C2F50C6D6008DBCA3 /* PBXContainerItemProxy */ = {
			isa = PBXContainerItemProxy;
			containerPortal = 892333142F50C6D4008DBCA3 /* Project object */;
			proxyType = 1;
			remoteGlobalIDString = 8923331B2F50C6D4008DBCA3;
			remoteInfo = "openme-macos";
		};
		892333362F50C6D6008DBCA3 /* PBXContainerItemProxy */ = {
			isa = PBXContainerItemProxy;
			containerPortal = 892333142F50C6D4008DBCA3 /* Project object */;
			proxyType = 1;
			remoteGlobalIDString = 8923331B2F50C6D4008DBCA3;
			remoteInfo = "openme-macos";
		};
/* End PBXContainerItemProxy section */

/* Begin PBXFileReference section */
		8923331C2F50C6D4008DBCA3 /* openme-macos.app */ = {isa = PBXFileReference; explicitFileType = wrapper.application; includeInIndex = 0; path = "openme-macos.app"; sourceTree = BUILT_PRODUCTS_DIR; };
		8923332B2F50C6D6008DBCA3 /* openme-macosTests.xctest */ = {isa = PBXFileReference; explicitFileType = wrapper.cfbundle; includeInIndex = 0; path = "openme-macosTests.xctest"; sourceTree = BUILT_PRODUCTS_DIR; };
		892333352F50C6D6008DBCA3 /* openme-macosUITests.xctest */ = {isa = PBXFileReference; explicitFileType = wrapper.cfbundle; includeInIndex = 0; path = "openme-macosUITests.xctest"; sourceTree = BUILT_PRODUCTS_DIR; };
/* End PBXFileReference section */

/* Begin PBXFileSystemSynchronizedRootGroup section */
		8923331E2F50C6D4008DBCA3 /* openme-macos */ = {
			isa = PBXFileSystemSynchronizedRootGroup;
			path = "openme-macos";
			sourceTree = "<group>";
		};
		8923332E2F50C6D6008DBCA3 /* openme-macosTests */ = {
			isa = PBXFileSystemSynchronizedRootGroup;
			path = "openme-macosTests";
			sourceTree = "<group>";
		};
		892333382F50C6D6008DBCA3 /* openme-macosUITests */ = {
			isa = PBXFileSystemSynchronizedRootGroup;
			path = "openme-macosUITests";
			sourceTree = "<group>";
		};
/* End PBXFileSystemSynchronizedRootGroup section */

/* Begin PBXFrameworksBuildPhase section */
		892333192F50C6D4008DBCA3 /* Frameworks */ = {
			isa = PBXFrameworksBuildPhase;
			buildActionMask = 2147483647;
			files = (
				892CD9452F50DE5A00A84433 /* OpenMeKit in Frameworks */,
			);
			runOnlyForDeploymentPostprocessing = 0;
		};
		892333282F50C6D6008DBCA3 /* Frameworks */ = {
			isa = PBXFrameworksBuildPhase;
			buildActionMask = 2147483647;
			files = (
			);
			runOnlyForDeploymentPostprocessing = 0;
		};
		892333322F50C6D6008DBCA3 /* Frameworks */ = {
			isa = PBXFrameworksBuildPhase;
			buildActionMask = 2147483647;
			files = (
			);
			runOnlyForDeploymentPostprocessing = 0;
		};
/* End PBXFrameworksBuildPhase section */

/* Begin PBXGroup section */
		892333132F50C6D4008DBCA3 = {
			isa = PBXGroup;
			children = (
				8923331E2F50C6D4008DBCA3 /* openme-macos */,
				8923332E2F50C6D6008DBCA3 /* openme-macosTests */,
				892333382F50C6D6008DBCA3 /* openme-macosUITests */,
				8923331D2F50C6D4008DBCA3 /* Products */,
			);
			sourceTree = "<group>";
		};
		8923331D2F50C6D4008DBCA3 /* Products */ = {
			isa = PBXGroup;
			children = (
				8923331C2F50C6D4008DBCA3 /* openme-macos.app */,
				8923332B2F50C6D6008DBCA3 /* openme-macosTests.xctest */,
				892333352F50C6D6008DBCA3 /* openme-macosUITests.xctest */,
			);
			name = Products;
			sourceTree = "<group>";
		};
/* End PBXGroup section */

/* Begin PBXNativeTarget section */
		8923331B2F50C6D4008DBCA3 /* openme-macos */ = {
			isa = PBXNativeTarget;
			buildConfigurationList = 8923333F2F50C6D6008DBCA3 /* Build configuration list for PBXNativeTarget "openme-macos" */;
			buildPhases = (
				892333182F50C6D4008DBCA3 /* Sources */,
				892333192F50C6D4008DBCA3 /* Frameworks */,
				8923331A2F50C6D4008DBCA3 /* Resources */,
			);
			buildRules = (
			);
			dependencies = (
			);
			fileSystemSynchronizedGroups = (
				8923331E2F50C6D4008DBCA3 /* openme-macos */,
			);
			name = "openme-macos";
			packageProductDependencies = (
				CC0000022F50C6D4008DBCA3 /* OpenMeKit */,
			);
			productName = "openme-macos";
			productReference = 8923331C2F50C6D4008DBCA3 /* openme-macos.app */;
			productType = "com.apple.product-type.application";
		};
		8923332A2F50C6D6008DBCA3 /* openme-macosTests */ = {
			isa = PBXNativeTarget;
			buildConfigurationList = 892333422F50C6D6008DBCA3 /* Build configuration list for PBXNativeTarget "openme-macosTests" */;
			buildPhases = (
				892333272F50C6D6008DBCA3 /* Sources */,
				892333282F50C6D6008DBCA3 /* Frameworks */,
				892333292F50C6D6008DBCA3 /* Resources */,
			);
			buildRules = (
			);
			dependencies = (
				8923332D2F50C6D6008DBCA3 /* PBXTargetDependency */,
			);
			fileSystemSynchronizedGroups = (
				8923332E2F50C6D6008DBCA3 /* openme-macosTests */,
			);
			name = "openme-macosTests";
			packageProductDependencies = (
			);
			productName = "openme-macosTests";
			productReference = 8923332B2F50C6D6008DBCA3 /* openme-macosTests.xctest */;
			productType = "com.apple.product-type.bundle.unit-test";
		};
		892333342F50C6D6008DBCA3 /* openme-macosUITests */ = {
			isa = PBXNativeTarget;
			buildConfigurationList = 892333452F50C6D6008DBCA3 /* Build configuration list for PBXNativeTarget "openme-macosUITests" */;
			buildPhases = (
				892333312F50C6D6008DBCA3 /* Sources */,
				892333322F50C6D6008DBCA3 /* Frameworks */,
				892333332F50C6D6008DBCA3 /* Resources */,
			);
			buildRules = (
			);
			dependencies = (
				892333372F50C6D6008DBCA3 /* PBXTargetDependency */,
			);
			fileSystemSynchronizedGroups = (
				892333382F50C6D6008DBCA3 /* openme-macosUITests */,
			);
			name = "openme-macosUITests";
			packageProductDependencies = (
			);
			productName = "openme-macosUITests";
			productReference = 892333352F50C6D6008DBCA3 /* openme-macosUITests.xctest */;
			productType = "com.apple.product-type.bundle.ui-testing";
		};
/* End PBXNativeTarget section */

/* Begin PBXProject section */
		892333142F50C6D4008DBCA3 /* Project object */ = {
			isa = PBXProject;
			attributes = {
				BuildIndependentTargetsInParallel = 1;
				LastSwiftUpdateCheck = 2620;
				LastUpgradeCheck = 2620;
				TargetAttributes = {
					8923331B2F50C6D4008DBCA3 = {
						CreatedOnToolsVersion = 26.2;
					};
					8923332A2F50C6D6008DBCA3 = {
						CreatedOnToolsVersion = 26.2;
						TestTargetID = 8923331B2F50C6D4008DBCA3;
					};
					892333342F50C6D6008DBCA3 = {
						CreatedOnToolsVersion = 26.2;
						TestTargetID = 8923331B2F50C6D4008DBCA3;
					};
				};
			};
			buildConfigurationList = 892333172F50C6D4008DBCA3 /* Build configuration list for PBXProject "openme-macos" */;
			developmentRegion = en;
			hasScannedForEncodings = 0;
			knownRegions = (
				en,
				Base,
			);
			mainGroup = 892333132F50C6D4008DBCA3;
			minimizedProjectReferenceProxies = 1;
			packageReferences = (
				CC0000012F50C6D4008DBCA3 /* XCLocalSwiftPackageReference "../OpenMeKit" */,
			);
			preferredProjectObjectVersion = 77;
			productRefGroup = 8923331D2F50C6D4008DBCA3 /* Products */;
			projectDirPath = "";
			projectRoot = "";
			targets = (
				8923331B2F50C6D4008DBCA3 /* openme-macos */,
				8923332A2F50C6D6008DBCA3 /* openme-macosTests */,
				892333342F50C6D6008DBCA3 /* openme-macosUITests */,
			);
		};
/* End PBXProject section */

/* Begin PBXResourcesBuildPhase section */
		8923331A2F50C6D4008DBCA3 /* Resources */ = {
			isa = PBXResourcesBuildPhase;
			buildActionMask = 2147483647;
			files = (
			);
			runOnlyForDeploymentPostprocessing = 0;
		};
		892333292F50C6D6008DBCA3 /* Resources */ = {
			isa = PBXResourcesBuildPhase;
			buildActionMask = 2147483647;
			files = (
			);
			runOnlyForDeploymentPostprocessing = 0;
		};
		892333332F50C6D6008DBCA3 /* Resources */ = {
			isa = PBXResourcesBuildPhase;
			buildActionMask = 2147483647;
			files = (
			);
			runOnlyForDeploymentPostprocessing = 0;
		};
/* End PBXResourcesBuildPhase section */

/* Begin PBXSourcesBuildPhase section */
		892333182F50C6D4008DBCA3 /* Sources */ = {
			isa = PBXSourcesBuildPhase;
			buildActionMask = 2147483647;
			files = (
			);
			runOnlyForDeploymentPostprocessing = 0;
		};
		892333272F50C6D6008DBCA3 /* Sources */ = {
			isa = PBXSourcesBuildPhase;
			buildActionMask = 2147483647;
			files = (
			);
			runOnlyForDeploymentPostprocessing = 0;
		};
		892333312F50C6D6008DBCA3 /* Sources */ = {
			isa = PBXSourcesBuildPhase;
			buildActionMask = 2147483647;
			files = (
			);
			runOnlyForDeploymentPostprocessing = 0;
		};
/* End PBXSourcesBuildPhase section */

/* Begin PBXTargetDependency section */
		8923332D2F50C6D6008DBCA3 /* PBXTargetDependency */ = {
			isa = PBXTargetDependency;
			target = 8923331B2F50C6D4008DBCA3 /* openme-macos */;
			targetProxy = 8923332C2F50C6D6008DBCA3 /* PBXContainerItemProxy */;
		};
		892333372F50C6D6008DBCA3 /* PBXTargetDependency */ = {
			isa = PBXTargetDependency;
			target = 8923331B2F50C6D4008DBCA3 /* openme-macos */;
			targetProxy = 892333362F50C6D6008DBCA3 /* PBXContainerItemProxy */;
		};
/* End PBXTargetDependency section */

/* Begin XCBuildConfiguration section */
		8923333D2F50C6D6008DBCA3 /* Debug */ = {
			isa = XCBuildConfiguration;
			buildSettings = {
				ALWAYS_SEARCH_USER_PATHS = NO;
				ASSETCATALOG_COMPILER_GENERATE_SWIFT_ASSET_SYMBOL_EXTENSIONS = YES;
				CLANG_ANALYZER_NONNULL = YES;
				CLANG_ANALYZER_NUMBER_OBJECT_CONVERSION = YES_AGGRESSIVE;
				CLANG_CXX_LANGUAGE_STANDARD = "gnu++20";
				CLANG_ENABLE_MODULES = YES;
				CLANG_ENABLE_OBJC_ARC = YES;
				CLANG_ENABLE_OBJC_WEAK = YES;
				CLANG_WARN_BLOCK_CAPTURE_AUTORELEASING = YES;
				CLANG_WARN_BOOL_CONVERSION = YES;
				CLANG_WARN_COMMA = YES;
				CLANG_WARN_CONSTANT_CONVERSION = YES;
				CLANG_WARN_DEPRECATED_OBJC_IMPLEMENTATIONS = YES;
				CLANG_WARN_DIRECT_OBJC_ISA_USAGE = YES_ERROR;
				CLANG_WARN_DOCUMENTATION_COMMENTS = YES;
				CLANG_WARN_EMPTY_BODY = YES;
				CLANG_WARN_ENUM_CONVERSION = YES;
				CLANG_WARN_INFINITE_RECURSION = YES;
				CLANG_WARN_INT_CONVERSION = YES;
				CLANG_WARN_NON_LITERAL_NULL_CONVERSION = YES;
				CLANG_WARN_OBJC_IMPLICIT_RETAIN_SELF = YES;
				CLANG_WARN_OBJC_LITERAL_CONVERSION = YES;
				CLANG_WARN_OBJC_ROOT_CLASS = YES_ERROR;
				CLANG_WARN_QUOTED_INCLUDE_IN_FRAMEWORK_HEADER = YES;
				CLANG_WARN_RANGE_LOOP_ANALYSIS = YES;
				CLANG_WARN_STRICT_PROTOTYPES = YES;
				CLANG_WARN_SUSPICIOUS_MOVE = YES;
				CLANG_WARN_UNGUARDED_AVAILABILITY = YES_AGGRESSIVE;
				CLANG_WARN_UNREACHABLE_CODE = YES;
				CLANG_WARN__DUPLICATE_METHOD_MATCH = YES;
				COPY_PHASE_STRIP = NO;
				DEBUG_INFORMATION_FORMAT = dwarf;
				DEVELOPMENT_TEAM = SU64RGPDF2;
				ENABLE_STRICT_OBJC_MSGSEND = YES;
				ENABLE_TESTABILITY = YES;
				ENABLE_USER_SCRIPT_SANDBOXING = NO;
				GCC_C_LANGUAGE_STANDARD = gnu17;
				GCC_DYNAMIC_NO_PIC = NO;
				GCC_NO_COMMON_BLOCKS = YES;
				GCC_OPTIMIZATION_LEVEL = 0;
				GCC_PREPROCESSOR_DEFINITIONS = (
					"DEBUG=1",
					"$(inherited)",
				);
				GCC_WARN_64_TO_32_BIT_CONVERSION = YES;
				GCC_WARN_ABOUT_RETURN_TYPE = YES_ERROR;
				GCC_WARN_UNDECLARED_SELECTOR = YES;
				GCC_WARN_UNINITIALIZED_AUTOS = YES_AGGRESSIVE;
				GCC_WARN_UNUSED_FUNCTION = YES;
				GCC_WARN_UNUSED_VARIABLE = YES;
				LOCALIZATION_PREFERS_STRING_CATALOGS = YES;
				MACOSX_DEPLOYMENT_TARGET = 26.2;
				MTL_ENABLE_DEBUG_INFO = INCLUDE_SOURCE;
				MTL_FAST_MATH = YES;
				ONLY_ACTIVE_ARCH = YES;
				SDKROOT = macosx;
				SWIFT_ACTIVE_COMPILATION_CONDITIONS = "DEBUG $(inherited)";
				SWIFT_OPTIMIZATION_LEVEL = "-Onone";
			};
			name = Debug;
		};
		8923333E2F50C6D6008DBCA3 /* Release */ = {
			isa = XCBuildConfiguration;
			buildSettings = {
				ALWAYS_SEARCH_USER_PATHS = NO;
				ASSETCATALOG_COMPILER_GENERATE_SWIFT_ASSET_SYMBOL_EXTENSIONS = YES;
				CLANG_ANALYZER_NONNULL = YES;
				CLANG_ANALYZER_NUMBER_OBJECT_CONVERSION = YES_AGGRESSIVE;
				CLANG_CXX_LANGUAGE_STANDARD = "gnu++20";
				CLANG_ENABLE_MODULES = YES;
				CLANG_ENABLE_OBJC_ARC = YES;
				CLANG_ENABLE_OBJC_WEAK = YES;
				CLANG_WARN_BLOCK_CAPTURE_AUTORELEASING = YES;
				CLANG_WARN_BOOL_CONVERSION = YES;
				CLANG_WARN_COMMA = YES;
				CLANG_WARN_CONSTANT_CONVERSION = YES;
				CLANG_WARN_DEPRECATED_OBJC_IMPLEMENTATIONS = YES;
				CLANG_WARN_DIRECT_OBJC_ISA_USAGE = YES_ERROR;
				CLANG_WARN_DOCUMENTATION_COMMENTS = YES;
				CLANG_WARN_EMPTY_BODY = YES;
				CLANG_WARN_ENUM_CONVERSION = YES;
				CLANG_WARN_INFINITE_RECURSION = YES;
				CLANG_WARN_INT_CONVERSION = YES;
				CLANG_WARN_NON_LITERAL_NULL_CONVERSION = YES;
				CLANG_WARN_OBJC_IMPLICIT_RETAIN_SELF = YES;
				CLANG_WARN_OBJC_LITERAL_CONVERSION = YES;
				CLANG_WARN_OBJC_ROOT_CLASS = YES_ERROR;
				CLANG_WARN_QUOTED_INCLUDE_IN_FRAMEWORK_HEADER = YES;
				CLANG_WARN_RANGE_LOOP_ANALYSIS = YES;
				CLANG_WARN_STRICT_PROTOTYPES = YES;
				CLANG_WARN_SUSPICIOUS_MOVE = YES;
				CLANG_WARN_UNGUARDED_AVAILABILITY = YES_AGGRESSIVE;
				CLANG_WARN_UNREACHABLE_CODE = YES;
				CLANG_WARN__DUPLICATE_METHOD_MATCH = YES;
				COPY_PHASE_STRIP = NO;
				DEBUG_INFORMATION_FORMAT = "dwarf-with-dsym";
				DEVELOPMENT_TEAM = SU64RGPDF2;
				ENABLE_NS_ASSERTIONS = NO;
				ENABLE_STRICT_OBJC_MSGSEND = YES;
				ENABLE_USER_SCRIPT_SANDBOXING = NO;
				GCC_C_LANGUAGE_STANDARD = gnu17;
				GCC_NO_COMMON_BLOCKS = YES;
				GCC_WARN_64_TO_32_BIT_CONVERSION = YES;
				GCC_WARN_ABOUT_RETURN_TYPE = YES_ERROR;
				GCC_WARN_UNDECLARED_SELECTOR = YES;
				GCC_WARN_UNINITIALIZED_AUTOS = YES_AGGRESSIVE;
				GCC_WARN_UNUSED_FUNCTION = YES;
				GCC_WARN_UNUSED_VARIABLE = YES;
				LOCALIZATION_PREFERS_STRING_CATALOGS = YES;
				MACOSX_DEPLOYMENT_TARGET = 26.2;
				MTL_ENABLE_DEBUG_INFO = NO;
				MTL_FAST_MATH = YES;
				SDKROOT = macosx;
				SWIFT_COMPILATION_MODE = wholemodule;
			};
			name = Release;
		};
		892333402F50C6D6008DBCA3 /* Debug */ = {
			isa = XCBuildConfiguration;
			buildSettings = {
				ASSETCATALOG_COMPILER_APPICON_NAME = AppIcon;
				ASSETCATALOG_COMPILER_GLOBAL_ACCENT_COLOR_NAME = AccentColor;
				CODE_SIGN_ENTITLEMENTS = "openme-macos/openme-macos.entitlements";
				CODE_SIGN_STYLE = Automatic;
				COMBINE_HIDPI_IMAGES = YES;
				CURRENT_PROJECT_VERSION = 1;
				DEVELOPMENT_TEAM = SU64RGPDF2;
				ENABLE_APP_SANDBOX = YES;
				ENABLE_HARDENED_RUNTIME = YES;
				ENABLE_PREVIEWS = YES;
				ENABLE_USER_SELECTED_FILES = readonly;
				GENERATE_INFOPLIST_FILE = YES;
				INFOPLIST_KEY_LSUIElement = YES;
				INFOPLIST_KEY_NSHumanReadableCopyright = "";
				LD_RUNPATH_SEARCH_PATHS = (
					"$(inherited)",
					"@executable_path/../Frameworks",
				);
				MARKETING_VERSION = 1.0;
				PRODUCT_BUNDLE_IDENTIFIER = "org.merlos.openme-macos";
				PRODUCT_NAME = "$(TARGET_NAME)";
				REGISTER_APP_GROUPS = YES;
				STRING_CATALOG_GENERATE_SYMBOLS = YES;
				SWIFT_APPROACHABLE_CONCURRENCY = YES;
				SWIFT_DEFAULT_ACTOR_ISOLATION = MainActor;
				SWIFT_EMIT_LOC_STRINGS = YES;
				SWIFT_UPCOMING_FEATURE_MEMBER_IMPORT_VISIBILITY = YES;
				SWIFT_VERSION = 5.0;
			};
			name = Debug;
		};
		892333412F50C6D6008DBCA3 /* Release */ = {
			isa = XCBuildConfiguration;
			buildSettings = {
				ASSETCATALOG_COMPILER_APPICON_NAME = AppIcon;
				ASSETCATALOG_COMPILER_GLOBAL_ACCENT_COLOR_NAME = AccentColor;
				CODE_SIGN_ENTITLEMENTS = "openme-macos/openme-macos.entitlements";
				CODE_SIGN_STYLE = Automatic;
				COMBINE_HIDPI_IMAGES = YES;
				CURRENT_PROJECT_VERSION = 1;
				DEVELOPMENT_TEAM = SU64RGPDF2;
				ENABLE_APP_SANDBOX = YES;
				ENABLE_HARDENED_RUNTIME = YES;
				ENABLE_PREVIEWS = YES;
				ENABLE_USER_SELECTED_FILES = readonly;
				GENERATE_INFOPLIST_FILE = YES;
				INFOPLIST_KEY_LSUIElement = YES;
				INFOPLIST_KEY_NSHumanReadableCopyright = "";
				LD_RUNPATH_SEARCH_PATHS = (
					"$(inherited)",
					"@executable_path/../Frameworks",
				);
				MARKETING_VERSION = 1.0;
				PRODUCT_BUNDLE_IDENTIFIER = "org.merlos.openme-macos";
				PRODUCT_NAME = "$(TARGET_NAME)";
				REGISTER_APP_GROUPS = YES;
				STRING_CATALOG_GENERATE_SYMBOLS = YES;
				SWIFT_APPROACHABLE_CONCURRENCY = YES;
				SWIFT_DEFAULT_ACTOR_ISOLATION = MainActor;
				SWIFT_EMIT_LOC_STRINGS = YES;
				SWIFT_UPCOMING_FEATURE_MEMBER_IMPORT_VISIBILITY = YES;
				SWIFT_VERSION = 5.0;
			};
			name = Release;
		};
		892333432F50C6D6008DBCA3 /* Debug */ = {
			isa = XCBuildConfiguration;
			buildSettings = {
				BUNDLE_LOADER = "$(TEST_HOST)";
				CODE_SIGN_STYLE = Automatic;
				CURRENT_PROJECT_VERSION = 1;
				DEVELOPMENT_TEAM = SU64RGPDF2;
				GENERATE_INFOPLIST_FILE = YES;
				MACOSX_DEPLOYMENT_TARGET = 26.2;
				MARKETING_VERSION = 1.0;
				PRODUCT_BUNDLE_IDENTIFIER = "org.merlos.openme-macosTests";
				PRODUCT_NAME = "$(TARGET_NAME)";
				STRING_CATALOG_GENERATE_SYMBOLS = NO;
				SWIFT_APPROACHABLE_CONCURRENCY = YES;
				SWIFT_EMIT_LOC_STRINGS = NO;
				SWIFT_UPCOMING_FEATURE_MEMBER_IMPORT_VISIBILITY = YES;
				SWIFT_VERSION = 5.0;
				TEST_HOST = "$(BUILT_PRODUCTS_DIR)/openme-macos.app/$(BUNDLE_EXECUTABLE_FOLDER_PATH)/openme-macos";
			};
			name = Debug;
		};
		892333442F50C6D6008DBCA3 /* Release */ = {
			isa = XCBuildConfiguration;
			buildSettings = {
				BUNDLE_LOADER = "$(TEST_HOST)";
				CODE_SIGN_STYLE = Automatic;
				CURRENT_PROJECT_VERSION = 1;
				DEVELOPMENT_TEAM = SU64RGPDF2;
				GENERATE_INFOPLIST_FILE = YES;
				MACOSX_DEPLOYMENT_TARGET = 26.2;
				MARKETING_VERSION = 1.0;
				PRODUCT_BUNDLE_IDENTIFIER = "org.merlos.openme-macosTests";
				PRODUCT_NAME = "$(TARGET_NAME)";
				STRING_CATALOG_GENERATE_SYMBOLS = NO;
				SWIFT_APPROACHABLE_CONCURRENCY = YES;
				SWIFT_EMIT_LOC_STRINGS = NO;
				SWIFT_UPCOMING_FEATURE_MEMBER_IMPORT_VISIBILITY = YES;
				SWIFT_VERSION = 5.0;
				TEST_HOST = "$(BUILT_PRODUCTS_DIR)/openme-macos.app/$(BUNDLE_EXECUTABLE_FOLDER_PATH)/openme-macos";
			};
			name = Release;
		};
		892333462F50C6D6008DBCA3 /* Debug */ = {
			isa = XCBuildConfiguration;
			buildSettings = {
				CODE_SIGN_STYLE = Automatic;
				CURRENT_PROJECT_VERSION = 1;
				DEVELOPMENT_TEAM = SU64RGPDF2;
				GENERATE_INFOPLIST_FILE = YES;
				MARKETING_VERSION = 1.0;
				PRODUCT_BUNDLE_IDENTIFIER = "org.merlos.openme-macosUITests";
				PRODUCT_NAME = "$(TARGET_NAME)";
				STRING_CATALOG_GENERATE_SYMBOLS = NO;
				SWIFT_APPROACHABLE_CONCURRENCY = YES;
				SWIFT_EMIT_LOC_STRINGS = NO;
				SWIFT_UPCOMING_FEATURE_MEMBER_IMPORT_VISIBILITY = YES;
				SWIFT_VERSION = 5.0;
				TEST_TARGET_NAME = "openme-macos";
			};
			name = Debug;
		};
		892333472F50C6D6008DBCA3 /* Release */ = {
			isa = XCBuildConfiguration;
			buildSettings = {
				CODE_SIGN_STYLE = Automatic;
				CURRENT_PROJECT_VERSION = 1;
				DEVELOPMENT_TEAM = SU64RGPDF2;
				GENERATE_INFOPLIST_FILE = YES;
				MARKETING_VERSION = 1.0;
				PRODUCT_BUNDLE_IDENTIFIER = "org.merlos.openme-macosUITests";
				PRODUCT_NAME = "$(TARGET_NAME)";
				STRING_CATALOG_GENERATE_SYMBOLS = NO;
				SWIFT_APPROACHABLE_CONCURRENCY = YES;
				SWIFT_EMIT_LOC_STRINGS = NO;
				SWIFT_UPCOMING_FEATURE_MEMBER_IMPORT_VISIBILITY = YES;
				SWIFT_VERSION = 5.0;
				TEST_TARGET_NAME = "openme-macos";
			};
			name = Release;
		};
/* End XCBuildConfiguration section */

/* Begin XCConfigurationList section */
		892333172F50C6D4008DBCA3 /* Build configuration list for PBXProject "openme-macos" */ = {
			isa = XCConfigurationList;
			buildConfigurations = (
				8923333D2F50C6D6008DBCA3 /* Debug */,
				8923333E2F50C6D6008DBCA3 /* Release */,
			);
			defaultConfigurationIsVisible = 0;
			defaultConfigurationName = Release;
		};
		8923333F2F50C6D6008DBCA3 /* Build configuration list for PBXNativeTarget "openme-macos" */ = {
			isa = XCConfigurationList;
			buildConfigurations = (
				892333402F50C6D6008DBCA3 /* Debug */,
				892333412F50C6D6008DBCA3 /* Release */,
			);
			defaultConfigurationIsVisible = 0;
			defaultConfigurationName = Release;
		};
		892333422F50C6D6008DBCA3 /* Build configuration list for PBXNativeTarget "openme-macosTests" */ = {
			isa = XCConfigurationList;
			buildConfigurations = (
				892333432F50C6D6008DBCA3 /* Debug */,
				892333442F50C6D6008DBCA3 /* Release */,
			);
			defaultConfigurationIsVisible = 0;
			defaultConfigurationName = Release;
		};
		892333452F50C6D6008DBCA3 /* Build configuration list for PBXNativeTarget "openme-macosUITests" */ = {
			isa = XCConfigurationList;
			buildConfigurations = (
				892333462F50C6D6008DBCA3 /* Debug */,
				892333472F50C6D6008DBCA3 /* Release */,
			);
			defaultConfigurationIsVisible = 0;
			defaultConfigurationName = Release;
		};
/* End XCConfigurationList section */

/* Begin XCLocalSwiftPackageReference section */
		CC0000012F50C6D4008DBCA3 /* XCLocalSwiftPackageReference "../OpenMeKit" */ = {
			isa = XCLocalSwiftPackageReference;
			relativePath = ../OpenMeKit;
		};
/* End XCLocalSwiftPackageReference section */

/* Begin XCSwiftPackageProductDependency section */
		CC0000022F50C6D4008DBCA3 /* OpenMeKit */ = {
			isa = XCSwiftPackageProductDependency;
			package = CC0000012F50C6D4008DBCA3 /* XCLocalSwiftPackageReference "../OpenMeKit" */;
			productName = OpenMeKit;
		};
/* End XCSwiftPackageProductDependency section */
	};
	rootObject = 892333142F50C6D4008DBCA3 /* Project object */;
}
