// !$*UTF8*$!
{
	archiveVersion = 1;
	classes = {
	};
	objectVersion = 77;
	objects = {

/* Begin PBXBuildFile section */
		892CDA1B2F50E97800A84433 /* OpenMeKit in Frameworks */ = {isa = PBXBuildFile; productRef = A500000200000000000CA3 /* OpenMeKit */; };
		892CDA1C2F50E97800A84433 /* OpenMeKit in Frameworks */ = {isa = PBXBuildFile; productRef = A500000200000000001CA3 /* OpenMeKit */; };
/* End PBXBuildFile section */

/* Begin PBXContainerItemProxy section */
		892CDA6B2F50E97800A84433 /* PBXContainerItemProxy */ = {
			isa = PBXContainerItemProxy;
			containerPortal = A4000014000000000001CA3 /* Project object */;
			proxyType = 1;
			remoteGlobalIDString = A421331B000000000002CA3;
			remoteInfo = "openme-widget";
		};
		A423332C000000000001CA3 /* PBXContainerItemProxy */ = {
			isa = PBXContainerItemProxy;
			containerPortal = A4000014000000000001CA3 /* Project object */;
			proxyType = 1;
			remoteGlobalIDString = A421331B000000000001CA3;
			remoteInfo = "openme-ios";
		};
		A423332C000000000002CA3 /* PBXContainerItemProxy */ = {
			isa = PBXContainerItemProxy;
			containerPortal = A4000014000000000001CA3 /* Project object */;
			proxyType = 1;
			remoteGlobalIDString = A421331B000000000001CA3;
			remoteInfo = "openme-ios";
		};
/* End PBXContainerItemProxy section */

/* Begin PBXFileReference section */
		A421331C000000000001CA3 /* openme-ios.app */ = {isa = PBXFileReference; explicitFileType = wrapper.application; includeInIndex = 0; path = "openme-ios.app"; sourceTree = BUILT_PRODUCTS_DIR; };
		A421331C000000000002CA3 /* openme-widget.appex */ = {isa = PBXFileReference; explicitFileType = "wrapper.app-extension"; includeInIndex = 0; path = "openme-widget.appex"; sourceTree = BUILT_PRODUCTS_DIR; };
		A422332B000000000001CA3 /* openme-iosTests.xctest */ = {isa = PBXFileReference; explicitFileType = wrapper.cfbundle; includeInIndex = 0; path = "openme-iosTests.xctest"; sourceTree = BUILT_PRODUCTS_DIR; };
		A422333500000000000CA3 /* openme-iosUITests.xctest */ = {isa = PBXFileReference; explicitFileType = wrapper.cfbundle; includeInIndex = 0; path = "openme-iosUITests.xctest"; sourceTree = BUILT_PRODUCTS_DIR; };
/* End PBXFileReference section */

/* Begin PBXFileSystemSynchronizedRootGroup section */
		A421331E000000000001CA3 /* openme-ios */ = {
			isa = PBXFileSystemSynchronizedRootGroup;
			path = "openme-ios";
			sourceTree = "<group>";
		};
		A421331E000000000002CA3 /* ../openme-widget */ = {
			isa = PBXFileSystemSynchronizedRootGroup;
			path = "../openme-widget";
			sourceTree = "<group>";
		};
		A422332E000000000001CA3 /* openme-iosTests */ = {
			isa = PBXFileSystemSynchronizedRootGroup;
			path = "openme-iosTests";
			sourceTree = "<group>";
		};
		A422333800000000000CA3 /* openme-iosUITests */ = {
			isa = PBXFileSystemSynchronizedRootGroup;
			path = "openme-iosUITests";
			sourceTree = "<group>";
		};
/* End PBXFileSystemSynchronizedRootGroup section */

/* Begin PBXFrameworksBuildPhase section */
		A421331900000000000CA3 /* Frameworks */ = {
			isa = PBXFrameworksBuildPhase;
			buildActionMask = 2147483647;
			files = (
				892CDA1B2F50E97800A84433 /* OpenMeKit in Frameworks */,
			);
			runOnlyForDeploymentPostprocessing = 0;
		};
		A421331900000000001CA3 /* Frameworks */ = {
			isa = PBXFrameworksBuildPhase;
			buildActionMask = 2147483647;
			files = (
				892CDA1C2F50E97800A84433 /* OpenMeKit in Frameworks */,
			);
			runOnlyForDeploymentPostprocessing = 0;
		};
		A422332800000000000CA3 /* Frameworks */ = {
			isa = PBXFrameworksBuildPhase;
			buildActionMask = 2147483647;
			files = (
			);
			runOnlyForDeploymentPostprocessing = 0;
		};
		A422333200000000000CA3 /* Frameworks */ = {
			isa = PBXFrameworksBuildPhase;
			buildActionMask = 2147483647;
			files = (
			);
			runOnlyForDeploymentPostprocessing = 0;
		};
/* End PBXFrameworksBuildPhase section */

/* Begin PBXGroup section */
		A4000013000000000001CA3 = {
			isa = PBXGroup;
			children = (
				A421331E000000000001CA3 /* openme-ios */,
				A421331E000000000002CA3 /* ../openme-widget */,
				A422332E000000000001CA3 /* openme-iosTests */,
				A422333800000000000CA3 /* openme-iosUITests */,
				A4000015000000000001CA3 /* Products */,
			);
			sourceTree = "<group>";
		};
		A4000015000000000001CA3 /* Products */ = {
			isa = PBXGroup;
			children = (
				A421331C000000000001CA3 /* openme-ios.app */,
				A421331C000000000002CA3 /* openme-widget.appex */,
				A422332B000000000001CA3 /* openme-iosTests.xctest */,
				A422333500000000000CA3 /* openme-iosUITests.xctest */,
			);
			name = Products;
			sourceTree = "<group>";
		};
/* End PBXGroup section */

/* Begin PBXNativeTarget section */
		A421331B000000000001CA3 /* openme-ios */ = {
			isa = PBXNativeTarget;
			buildConfigurationList = A422333F000000000001CA3 /* Build configuration list for PBXNativeTarget "openme-ios" */;
			buildPhases = (
				A421331800000000000CA3 /* Sources */,
				A421331900000000000CA3 /* Frameworks */,
				A421331A000000000001CA3 /* Resources */,
			);
			buildRules = (
			);
			dependencies = (
				A421334A000000000001CA3 /* PBXTargetDependency */,
			);
			fileSystemSynchronizedGroups = (
				A421331E000000000001CA3 /* openme-ios */,
			);
			name = "openme-ios";
			packageProductDependencies = (
				A500000200000000000CA3 /* OpenMeKit */,
			);
			productName = "openme-ios";
			productReference = A421331C000000000001CA3 /* openme-ios.app */;
			productType = "com.apple.product-type.application";
		};
		A421331B000000000002CA3 /* openme-widget */ = {
			isa = PBXNativeTarget;
			buildConfigurationList = A422333F000000000002CA3 /* Build configuration list for PBXNativeTarget "openme-widget" */;
			buildPhases = (
				A421331800000000001CA3 /* Sources */,
				A421331900000000001CA3 /* Frameworks */,
				A421331A000000000002CA3 /* Resources */,
			);
			buildRules = (
			);
			dependencies = (
			);
			fileSystemSynchronizedGroups = (
				A421331E000000000002CA3 /* ../openme-widget */,
			);
			name = "openme-widget";
			packageProductDependencies = (
				A500000200000000001CA3 /* OpenMeKit */,
			);
			productName = "openme-widget";
			productReference = A421331C000000000002CA3 /* openme-widget.appex */;
			productType = "com.apple.product-type.app-extension";
		};
		A422332A000000000001CA3 /* openme-iosTests */ = {
			isa = PBXNativeTarget;
			buildConfigurationList = A422334200000000000CA3 /* Build configuration list for PBXNativeTarget "openme-iosTests" */;
			buildPhases = (
				A422332700000000000CA3 /* Sources */,
				A422332800000000000CA3 /* Frameworks */,
				A422332900000000000CA3 /* Resources */,
			);
			buildRules = (
			);
			dependencies = (
				A422332D000000000001CA3 /* PBXTargetDependency */,
			);
			fileSystemSynchronizedGroups = (
				A422332E000000000001CA3 /* openme-iosTests */,
			);
			name = "openme-iosTests";
			packageProductDependencies = (
			);
			productName = "openme-iosTests";
			productReference = A422332B000000000001CA3 /* openme-iosTests.xctest */;
			productType = "com.apple.product-type.bundle.unit-test";
		};
		A422333400000000000CA3 /* openme-iosUITests */ = {
			isa = PBXNativeTarget;
			buildConfigurationList = A422334500000000000CA3 /* Build configuration list for PBXNativeTarget "openme-iosUITests" */;
			buildPhases = (
				A422333100000000000CA3 /* Sources */,
				A422333200000000000CA3 /* Frameworks */,
				A422333300000000000CA3 /* Resources */,
			);
			buildRules = (
			);
			dependencies = (
				A422333700000000000CA3 /* PBXTargetDependency */,
			);
			fileSystemSynchronizedGroups = (
				A422333800000000000CA3 /* openme-iosUITests */,
			);
			name = "openme-iosUITests";
			packageProductDependencies = (
			);
			productName = "openme-iosUITests";
			productReference = A422333500000000000CA3 /* openme-iosUITests.xctest */;
			productType = "com.apple.product-type.bundle.ui-testing";
		};
/* End PBXNativeTarget section */

/* Begin PBXProject section */
		A4000014000000000001CA3 /* Project object */ = {
			isa = PBXProject;
			attributes = {
				BuildIndependentTargetsInParallel = 1;
				LastSwiftUpdateCheck = 2620;
				LastUpgradeCheck = 2620;
				TargetAttributes = {
					A421331B000000000001CA3 = {
						CreatedOnToolsVersion = 26.2;
					};
					A421331B000000000002CA3 = {
						CreatedOnToolsVersion = 26.2;
					};
					A422332A000000000001CA3 = {
						CreatedOnToolsVersion = 26.2;
						TestTargetID = A421331B000000000001CA3;
					};
					A422333400000000000CA3 = {
						CreatedOnToolsVersion = 26.2;
						TestTargetID = A421331B000000000001CA3;
					};
				};
			};
			buildConfigurationList = A4000017000000000001CA3 /* Build configuration list for PBXProject "openme-ios" */;
			developmentRegion = en;
			hasScannedForEncodings = 0;
			knownRegions = (
				en,
				Base,
			);
			mainGroup = A4000013000000000001CA3;
			minimizedProjectReferenceProxies = 1;
			packageReferences = (
				A500000100000000000CA3 /* XCLocalSwiftPackageReference "../OpenMeKit" */,
			);
			preferredProjectObjectVersion = 77;
			productRefGroup = A4000015000000000001CA3 /* Products */;
			projectDirPath = "";
			projectRoot = "";
			targets = (
				A421331B000000000001CA3 /* openme-ios */,
				A421331B000000000002CA3 /* openme-widget */,
				A422332A000000000001CA3 /* openme-iosTests */,
				A422333400000000000CA3 /* openme-iosUITests */,
			);
		};
/* End PBXProject section */

/* Begin PBXResourcesBuildPhase section */
		A421331A000000000001CA3 /* Resources */ = {
			isa = PBXResourcesBuildPhase;
			buildActionMask = 2147483647;
			files = (
			);
			runOnlyForDeploymentPostprocessing = 0;
		};
		A421331A000000000002CA3 /* Resources */ = {
			isa = PBXResourcesBuildPhase;
			buildActionMask = 2147483647;
			files = (
			);
			runOnlyForDeploymentPostprocessing = 0;
		};
		A422332900000000000CA3 /* Resources */ = {
			isa = PBXResourcesBuildPhase;
			buildActionMask = 2147483647;
			files = (
			);
			runOnlyForDeploymentPostprocessing = 0;
		};
		A422333300000000000CA3 /* Resources */ = {
			isa = PBXResourcesBuildPhase;
			buildActionMask = 2147483647;
			files = (
			);
			runOnlyForDeploymentPostprocessing = 0;
		};
/* End PBXResourcesBuildPhase section */

/* Begin PBXSourcesBuildPhase section */
		A421331800000000000CA3 /* Sources */ = {
			isa = PBXSourcesBuildPhase;
			buildActionMask = 2147483647;
			files = (
			);
			runOnlyForDeploymentPostprocessing = 0;
		};
		A421331800000000001CA3 /* Sources */ = {
			isa = PBXSourcesBuildPhase;
			buildActionMask = 2147483647;
			files = (
			);
			runOnlyForDeploymentPostprocessing = 0;
		};
		A422332700000000000CA3 /* Sources */ = {
			isa = PBXSourcesBuildPhase;
			buildActionMask = 2147483647;
			files = (
			);
			runOnlyForDeploymentPostprocessing = 0;
		};
		A422333100000000000CA3 /* Sources */ = {
			isa = PBXSourcesBuildPhase;
			buildActionMask = 2147483647;
			files = (
			);
			runOnlyForDeploymentPostprocessing = 0;
		};
/* End PBXSourcesBuildPhase section */

/* Begin PBXTargetDependency section */
		A421334A000000000001CA3 /* PBXTargetDependency */ = {
			isa = PBXTargetDependency;
			target = A421331B000000000002CA3 /* openme-widget */;
			targetProxy = 892CDA6B2F50E97800A84433 /* PBXContainerItemProxy */;
		};
		A422332D000000000001CA3 /* PBXTargetDependency */ = {
			isa = PBXTargetDependency;
			target = A421331B000000000001CA3 /* openme-ios */;
			targetProxy = A423332C000000000001CA3 /* PBXContainerItemProxy */;
		};
		A422333700000000000CA3 /* PBXTargetDependency */ = {
			isa = PBXTargetDependency;
			target = A421331B000000000001CA3 /* openme-ios */;
			targetProxy = A423332C000000000002CA3 /* PBXContainerItemProxy */;
		};
/* End PBXTargetDependency section */

/* Begin XCBuildConfiguration section */
		A422333D000000000001CA3 /* Debug */ = {
			isa = XCBuildConfiguration;
			buildSettings = {
				ALWAYS_SEARCH_USER_PATHS = NO;
				ASSETCATALOG_COMPILER_GENERATE_SWIFT_ASSET_SYMBOL_EXTENSIONS = YES;
				CLANG_ANALYZER_NONNULL = YES;
				CLANG_ANALYZER_NUMBER_OBJECT_CONVERSION = YES_AGGRESSIVE;
				CLANG_CXX_LANGUAGE_STANDARD = "gnu++20";
				CLANG_ENABLE_MODULES = YES;
				CLANG_ENABLE_OBJC_ARC = YES;
				CLANG_ENABLE_OBJC_WEAK = YES;
				CLANG_WARN_BLOCK_CAPTURE_AUTORELEASING = YES;
				CLANG_WARN_BOOL_CONVERSION = YES;
				CLANG_WARN_COMMA = YES;
				CLANG_WARN_CONSTANT_CONVERSION = YES;
				CLANG_WARN_DEPRECATED_OBJC_IMPLEMENTATIONS = YES;
				CLANG_WARN_DIRECT_OBJC_ISA_USAGE = YES_ERROR;
				CLANG_WARN_DOCUMENTATION_COMMENTS = YES;
				CLANG_WARN_EMPTY_BODY = YES;
				CLANG_WARN_ENUM_CONVERSION = YES;
				CLANG_WARN_INFINITE_RECURSION = YES;
				CLANG_WARN_INT_CONVERSION = YES;
				CLANG_WARN_NON_LITERAL_NULL_CONVERSION = YES;
				CLANG_WARN_OBJC_IMPLICIT_RETAIN_SELF = YES;
				CLANG_WARN_OBJC_LITERAL_CONVERSION = YES;
				CLANG_WARN_OBJC_ROOT_CLASS = YES_ERROR;
				CLANG_WARN_QUOTED_INCLUDE_IN_FRAMEWORK_HEADER = YES;
				CLANG_WARN_RANGE_LOOP_ANALYSIS = YES;
				CLANG_WARN_STRICT_PROTOTYPES = YES;
				CLANG_WARN_SUSPICIOUS_MOVE = YES;
				CLANG_WARN_UNGUARDED_AVAILABILITY = YES_AGGRESSIVE;
				CLANG_WARN_UNREACHABLE_CODE = YES;
				CLANG_WARN__DUPLICATE_METHOD_MATCH = YES;
				COPY_PHASE_STRIP = NO;
				DEBUG_INFORMATION_FORMAT = dwarf;
				DEVELOPMENT_TEAM = SU64RGPDF2;
				ENABLE_STRICT_OBJC_MSGSEND = YES;
				ENABLE_TESTABILITY = YES;
				ENABLE_USER_SCRIPT_SANDBOXING = NO;
				GCC_C_LANGUAGE_STANDARD = gnu17;
				GCC_DYNAMIC_NO_PIC = NO;
				GCC_NO_COMMON_BLOCKS = YES;
				GCC_OPTIMIZATION_LEVEL = 0;
				GCC_PREPROCESSOR_DEFINITIONS = (
					"DEBUG=1",
					"$(inherited)",
				);
				GCC_WARN_64_TO_32_BIT_CONVERSION = YES;
				GCC_WARN_ABOUT_RETURN_TYPE = YES_ERROR;
				GCC_WARN_UNDECLARED_SELECTOR = YES;
				GCC_WARN_UNINITIALIZED_AUTOS = YES_AGGRESSIVE;
				GCC_WARN_UNUSED_FUNCTION = YES;
				GCC_WARN_UNUSED_VARIABLE = YES;
				IPHONEOS_DEPLOYMENT_TARGET = 17.0;
				LOCALIZATION_PREFERS_STRING_CATALOGS = YES;
				MTL_ENABLE_DEBUG_INFO = INCLUDE_SOURCE;
				MTL_FAST_MATH = YES;
				ONLY_ACTIVE_ARCH = YES;
				SDKROOT = iphoneos;
				SWIFT_ACTIVE_COMPILATION_CONDITIONS = "DEBUG $(inherited)";
				SWIFT_OPTIMIZATION_LEVEL = "-Onone";
			};
			name = Debug;
		};
		A422333E000000000001CA3 /* Release */ = {
			isa = XCBuildConfiguration;
			buildSettings = {
				ALWAYS_SEARCH_USER_PATHS = NO;
				ASSETCATALOG_COMPILER_GENERATE_SWIFT_ASSET_SYMBOL_EXTENSIONS = YES;
				CLANG_ANALYZER_NONNULL = YES;
				CLANG_CXX_LANGUAGE_STANDARD = "gnu++20";
				CLANG_ENABLE_MODULES = YES;
				CLANG_ENABLE_OBJC_ARC = YES;
				CLANG_ENABLE_OBJC_WEAK = YES;
				CLANG_WARN_BLOCK_CAPTURE_AUTORELEASING = YES;
				CLANG_WARN_BOOL_CONVERSION = YES;
				CLANG_WARN_COMMA = YES;
				CLANG_WARN_CONSTANT_CONVERSION = YES;
				CLANG_WARN_DEPRECATED_OBJC_IMPLEMENTATIONS = YES;
				CLANG_WARN_DIRECT_OBJC_ISA_USAGE = YES_ERROR;
				CLANG_WARN_DOCUMENTATION_COMMENTS = YES;
				CLANG_WARN_EMPTY_BODY = YES;
				CLANG_WARN_ENUM_CONVERSION = YES;
				CLANG_WARN_INFINITE_RECURSION = YES;
				CLANG_WARN_INT_CONVERSION = YES;
				CLANG_WARN_NON_LITERAL_NULL_CONVERSION = YES;
				CLANG_WARN_OBJC_IMPLICIT_RETAIN_SELF = YES;
				CLANG_WARN_OBJC_LITERAL_CONVERSION = YES;
				CLANG_WARN_OBJC_ROOT_CLASS = YES_ERROR;
				CLANG_WARN_QUOTED_INCLUDE_IN_FRAMEWORK_HEADER = YES;
				CLANG_WARN_RANGE_LOOP_ANALYSIS = YES;
				CLANG_WARN_STRICT_PROTOTYPES = YES;
				CLANG_WARN_SUSPICIOUS_MOVE = YES;
				CLANG_WARN_UNGUARDED_AVAILABILITY = YES_AGGRESSIVE;
				CLANG_WARN_UNREACHABLE_CODE = YES;
				CLANG_WARN__DUPLICATE_METHOD_MATCH = YES;
				COPY_PHASE_STRIP = NO;
				DEBUG_INFORMATION_FORMAT = "dwarf-with-dsym";
				DEVELOPMENT_TEAM = SU64RGPDF2;
				ENABLE_NS_ASSERTIONS = NO;
				ENABLE_STRICT_OBJC_MSGSEND = YES;
				ENABLE_USER_SCRIPT_SANDBOXING = NO;
				GCC_C_LANGUAGE_STANDARD = gnu17;
				GCC_NO_COMMON_BLOCKS = YES;
				GCC_WARN_64_TO_32_BIT_CONVERSION = YES;
				GCC_WARN_ABOUT_RETURN_TYPE = YES_ERROR;
				GCC_WARN_UNDECLARED_SELECTOR = YES;
				GCC_WARN_UNINITIALIZED_AUTOS = YES_AGGRESSIVE;
				GCC_WARN_UNUSED_FUNCTION = YES;
				GCC_WARN_UNUSED_VARIABLE = YES;
				IPHONEOS_DEPLOYMENT_TARGET = 17.0;
				LOCALIZATION_PREFERS_STRING_CATALOGS = YES;
				MTL_ENABLE_DEBUG_INFO = NO;
				MTL_FAST_MATH = YES;
				SDKROOT = iphoneos;
				SWIFT_COMPILATION_MODE = wholemodule;
			};
			name = Release;
		};
		A422334000000000001CA3 /* Debug */ = {
			isa = XCBuildConfiguration;
			buildSettings = {
				ASSETCATALOG_COMPILER_APPICON_NAME = AppIcon;
				CODE_SIGN_ENTITLEMENTS = "openme-ios/openme-ios.entitlements";
				CODE_SIGN_STYLE = Automatic;
				CURRENT_PROJECT_VERSION = 1;
				DEVELOPMENT_TEAM = SU64RGPDF2;
				ENABLE_PREVIEWS = YES;
				GENERATE_INFOPLIST_FILE = YES;
				INFOPLIST_KEY_NSCameraUsageDescription = "Used to scan QR codes for profile import.";
				INFOPLIST_KEY_NSFaceIDUsageDescription = "Used to protect access to your server keys.";
				INFOPLIST_KEY_UIApplicationSceneManifest_Generation = YES;
				INFOPLIST_KEY_UIApplicationSupportsIndirectInputEvents = YES;
				INFOPLIST_KEY_UILaunchScreen_Generation = YES;
				INFOPLIST_KEY_UISupportedInterfaceOrientations_iPad = "UIInterfaceOrientationPortrait UIInterfaceOrientationPortraitUpsideDown UIInterfaceOrientationLandscapeLeft UIInterfaceOrientationLandscapeRight";
				INFOPLIST_KEY_UISupportedInterfaceOrientations_iPhone = "UIInterfaceOrientationPortrait UIInterfaceOrientationLandscapeLeft UIInterfaceOrientationLandscapeRight";
				IPHONEOS_DEPLOYMENT_TARGET = 17.0;
				LD_RUNPATH_SEARCH_PATHS = (
					"$(inherited)",
					"@executable_path/Frameworks",
				);
				MARKETING_VERSION = 1.0;
				PRODUCT_BUNDLE_IDENTIFIER = "org.merlos.openme-ios";
				PRODUCT_NAME = "$(TARGET_NAME)";
				STRING_CATALOG_GENERATE_SYMBOLS = YES;
				SWIFT_APPROACHABLE_CONCURRENCY = YES;
				SWIFT_DEFAULT_ACTOR_ISOLATION = MainActor;
				SWIFT_EMIT_LOC_STRINGS = YES;
				SWIFT_UPCOMING_FEATURE_MEMBER_IMPORT_VISIBILITY = YES;
				SWIFT_VERSION = 5.0;
			};
			name = Debug;
		};
		A422334000000000002CA3 /* Debug */ = {
			isa = XCBuildConfiguration;
			buildSettings = {
				CODE_SIGN_ENTITLEMENTS = "../openme-widget/openme-widget.entitlements";
				CODE_SIGN_STYLE = Automatic;
				CURRENT_PROJECT_VERSION = 1;
				DEVELOPMENT_TEAM = SU64RGPDF2;
				GENERATE_INFOPLIST_FILE = YES;
				INFOPLIST_KEY_NSExtensionPointIdentifier = "com.apple.widgetkit-extension";
				IPHONEOS_DEPLOYMENT_TARGET = 17.0;
				LD_RUNPATH_SEARCH_PATHS = (
					"$(inherited)",
					"@executable_path/Frameworks",
					"@executable_path/../../Frameworks",
				);
				MARKETING_VERSION = 1.0;
				PRODUCT_BUNDLE_IDENTIFIER = "org.merlos.openme-ios.widget";
				PRODUCT_NAME = "$(TARGET_NAME)";
				SKIP_INSTALL = YES;
				STRING_CATALOG_GENERATE_SYMBOLS = YES;
				SWIFT_APPROACHABLE_CONCURRENCY = YES;
				SWIFT_DEFAULT_ACTOR_ISOLATION = MainActor;
				SWIFT_EMIT_LOC_STRINGS = YES;
				SWIFT_VERSION = 5.0;
			};
			name = Debug;
		};
		A422334100000000001CA3 /* Release */ = {
			isa = XCBuildConfiguration;
			buildSettings = {
				ASSETCATALOG_COMPILER_APPICON_NAME = AppIcon;
				CODE_SIGN_ENTITLEMENTS = "openme-ios/openme-ios.entitlements";
				CODE_SIGN_STYLE = Automatic;
				CURRENT_PROJECT_VERSION = 1;
				DEVELOPMENT_TEAM = SU64RGPDF2;
				ENABLE_PREVIEWS = YES;
				GENERATE_INFOPLIST_FILE = YES;
				INFOPLIST_KEY_NSCameraUsageDescription = "Used to scan QR codes for profile import.";
				INFOPLIST_KEY_NSFaceIDUsageDescription = "Used to protect access to your server keys.";
				INFOPLIST_KEY_UIApplicationSceneManifest_Generation = YES;
				INFOPLIST_KEY_UIApplicationSupportsIndirectInputEvents = YES;
				INFOPLIST_KEY_UILaunchScreen_Generation = YES;
				INFOPLIST_KEY_UISupportedInterfaceOrientations_iPad = "UIInterfaceOrientationPortrait UIInterfaceOrientationPortraitUpsideDown UIInterfaceOrientationLandscapeLeft UIInterfaceOrientationLandscapeRight";
				INFOPLIST_KEY_UISupportedInterfaceOrientations_iPhone = "UIInterfaceOrientationPortrait UIInterfaceOrientationLandscapeLeft UIInterfaceOrientationLandscapeRight";
				IPHONEOS_DEPLOYMENT_TARGET = 17.0;
				LD_RUNPATH_SEARCH_PATHS = (
					"$(inherited)",
					"@executable_path/Frameworks",
				);
				MARKETING_VERSION = 1.0;
				PRODUCT_BUNDLE_IDENTIFIER = "org.merlos.openme-ios";
				PRODUCT_NAME = "$(TARGET_NAME)";
				STRING_CATALOG_GENERATE_SYMBOLS = YES;
				SWIFT_APPROACHABLE_CONCURRENCY = YES;
				SWIFT_DEFAULT_ACTOR_ISOLATION = MainActor;
				SWIFT_EMIT_LOC_STRINGS = YES;
				SWIFT_UPCOMING_FEATURE_MEMBER_IMPORT_VISIBILITY = YES;
				SWIFT_VERSION = 5.0;
			};
			name = Release;
		};
		A422334100000000002CA3 /* Release */ = {
			isa = XCBuildConfiguration;
			buildSettings = {
				CODE_SIGN_ENTITLEMENTS = "../openme-widget/openme-widget.entitlements";
				CODE_SIGN_STYLE = Automatic;
				CURRENT_PROJECT_VERSION = 1;
				DEVELOPMENT_TEAM = SU64RGPDF2;
				GENERATE_INFOPLIST_FILE = YES;
				INFOPLIST_KEY_NSExtensionPointIdentifier = "com.apple.widgetkit-extension";
				IPHONEOS_DEPLOYMENT_TARGET = 17.0;
				LD_RUNPATH_SEARCH_PATHS = (
					"$(inherited)",
					"@executable_path/Frameworks",
					"@executable_path/../../Frameworks",
				);
				MARKETING_VERSION = 1.0;
				PRODUCT_BUNDLE_IDENTIFIER = "org.merlos.openme-ios.widget";
				PRODUCT_NAME = "$(TARGET_NAME)";
				SKIP_INSTALL = YES;
				STRING_CATALOG_GENERATE_SYMBOLS = YES;
				SWIFT_APPROACHABLE_CONCURRENCY = YES;
				SWIFT_DEFAULT_ACTOR_ISOLATION = MainActor;
				SWIFT_EMIT_LOC_STRINGS = YES;
				SWIFT_VERSION = 5.0;
			};
			name = Release;
		};
		A422334300000000000CA3 /* Debug */ = {
			isa = XCBuildConfiguration;
			buildSettings = {
				BUNDLE_LOADER = "$(TEST_HOST)";
				CODE_SIGN_STYLE = Automatic;
				CURRENT_PROJECT_VERSION = 1;
				DEVELOPMENT_TEAM = SU64RGPDF2;
				GENERATE_INFOPLIST_FILE = YES;
				IPHONEOS_DEPLOYMENT_TARGET = 17.0;
				MARKETING_VERSION = 1.0;
				PRODUCT_BUNDLE_IDENTIFIER = "org.merlos.openme-iosTests";
				PRODUCT_NAME = "$(TARGET_NAME)";
				STRING_CATALOG_GENERATE_SYMBOLS = NO;
				SWIFT_APPROACHABLE_CONCURRENCY = YES;
				SWIFT_EMIT_LOC_STRINGS = NO;
				SWIFT_VERSION = 5.0;
				TEST_HOST = "$(BUILT_PRODUCTS_DIR)/openme-ios.app/$(BUNDLE_EXECUTABLE_FOLDER_PATH)/openme-ios";
			};
			name = Debug;
		};
		A422334400000000000CA3 /* Release */ = {
			isa = XCBuildConfiguration;
			buildSettings = {
				BUNDLE_LOADER = "$(TEST_HOST)";
				CODE_SIGN_STYLE = Automatic;
				CURRENT_PROJECT_VERSION = 1;
				DEVELOPMENT_TEAM = SU64RGPDF2;
				GENERATE_INFOPLIST_FILE = YES;
				IPHONEOS_DEPLOYMENT_TARGET = 17.0;
				MARKETING_VERSION = 1.0;
				PRODUCT_BUNDLE_IDENTIFIER = "org.merlos.openme-iosTests";
				PRODUCT_NAME = "$(TARGET_NAME)";
				STRING_CATALOG_GENERATE_SYMBOLS = NO;
				SWIFT_APPROACHABLE_CONCURRENCY = YES;
				SWIFT_EMIT_LOC_STRINGS = NO;
				SWIFT_VERSION = 5.0;
				TEST_HOST = "$(BUILT_PRODUCTS_DIR)/openme-ios.app/$(BUNDLE_EXECUTABLE_FOLDER_PATH)/openme-ios";
			};
			name = Release;
		};
		A422334600000000000CA3 /* Debug */ = {
			isa = XCBuildConfiguration;
			buildSettings = {
				CODE_SIGN_STYLE = Automatic;
				CURRENT_PROJECT_VERSION = 1;
				DEVELOPMENT_TEAM = SU64RGPDF2;
				GENERATE_INFOPLIST_FILE = YES;
				IPHONEOS_DEPLOYMENT_TARGET = 17.0;
				MARKETING_VERSION = 1.0;
				PRODUCT_BUNDLE_IDENTIFIER = "org.merlos.openme-iosUITests";
				PRODUCT_NAME = "$(TARGET_NAME)";
				STRING_CATALOG_GENERATE_SYMBOLS = NO;
				SWIFT_APPROACHABLE_CONCURRENCY = YES;
				SWIFT_EMIT_LOC_STRINGS = NO;
				SWIFT_VERSION = 5.0;
				TEST_TARGET_NAME = "openme-ios";
			};
			name = Debug;
		};
		A422334700000000000CA3 /* Release */ = {
			isa = XCBuildConfiguration;
			buildSettings = {
				CODE_SIGN_STYLE = Automatic;
				CURRENT_PROJECT_VERSION = 1;
				DEVELOPMENT_TEAM = SU64RGPDF2;
				GENERATE_INFOPLIST_FILE = YES;
				IPHONEOS_DEPLOYMENT_TARGET = 17.0;
				MARKETING_VERSION = 1.0;
				PRODUCT_BUNDLE_IDENTIFIER = "org.merlos.openme-iosUITests";
				PRODUCT_NAME = "$(TARGET_NAME)";
				STRING_CATALOG_GENERATE_SYMBOLS = NO;
				SWIFT_APPROACHABLE_CONCURRENCY = YES;
				SWIFT_EMIT_LOC_STRINGS = NO;
				SWIFT_VERSION = 5.0;
				TEST_TARGET_NAME = "openme-ios";
			};
			name = Release;
		};
/* End XCBuildConfiguration section */

/* Begin XCConfigurationList section */
		A4000017000000000001CA3 /* Build configuration list for PBXProject "openme-ios" */ = {
			isa = XCConfigurationList;
			buildConfigurations = (
				A422333D000000000001CA3 /* Debug */,
				A422333E000000000001CA3 /* Release */,
			);
			defaultConfigurationIsVisible = 0;
			defaultConfigurationName = Release;
		};
		A422333F000000000001CA3 /* Build configuration list for PBXNativeTarget "openme-ios" */ = {
			isa = XCConfigurationList;
			buildConfigurations = (
				A422334000000000001CA3 /* Debug */,
				A422334100000000001CA3 /* Release */,
			);
			defaultConfigurationIsVisible = 0;
			defaultConfigurationName = Release;
		};
		A422333F000000000002CA3 /* Build configuration list for PBXNativeTarget "openme-widget" */ = {
			isa = XCConfigurationList;
			buildConfigurations = (
				A422334000000000002CA3 /* Debug */,
				A422334100000000002CA3 /* Release */,
			);
			defaultConfigurationIsVisible = 0;
			defaultConfigurationName = Release;
		};
		A422334200000000000CA3 /* Build configuration list for PBXNativeTarget "openme-iosTests" */ = {
			isa = XCConfigurationList;
			buildConfigurations = (
				A422334300000000000CA3 /* Debug */,
				A422334400000000000CA3 /* Release */,
			);
			defaultConfigurationIsVisible = 0;
			defaultConfigurationName = Release;
		};
		A422334500000000000CA3 /* Build configuration list for PBXNativeTarget "openme-iosUITests" */ = {
			isa = XCConfigurationList;
			buildConfigurations = (
				A422334600000000000CA3 /* Debug */,
				A422334700000000000CA3 /* Release */,
			);
			defaultConfigurationIsVisible = 0;
			defaultConfigurationName = Release;
		};
/* End XCConfigurationList section */

/* Begin XCLocalSwiftPackageReference section */
		A500000100000000000CA3 /* XCLocalSwiftPackageReference "../OpenMeKit" */ = {
			isa = XCLocalSwiftPackageReference;
			relativePath = ../OpenMeKit;
		};
/* End XCLocalSwiftPackageReference section */

/* Begin XCSwiftPackageProductDependency section */
		A500000200000000000CA3 /* OpenMeKit */ = {
			isa = XCSwiftPackageProductDependency;
			package = A500000100000000000CA3 /* XCLocalSwiftPackageReference "../OpenMeKit" */;
			productName = OpenMeKit;
		};
		A500000200000000001CA3 /* OpenMeKit */ = {
			isa = XCSwiftPackageProductDependency;
			package = A500000100000000000CA3 /* XCLocalSwiftPackageReference "../OpenMeKit" */;
			productName = OpenMeKit;
		};
/* End XCSwiftPackageProductDependency section */
	};
	rootObject = A4000014000000000001CA3 /* Project object */;
}
